{
  "name": "no.tiwas.booleantoolbox",
  "version": "0.1.0",
  "lockfileVersion": 3,
  "requires": true,
  "packages": {
    "": {
      "name": "no.tiwas.booleantoolbox",
      "version": "0.1.0",
      "license": "ISC",
      "dependencies": {
        "athom-api": "^3.9.2"
      }
    },
    "node_modules/athom-api": {
      "version": "3.9.2",
      "resolved": "https://registry.npmjs.org/athom-api/-/athom-api-3.9.2.tgz",
      "integrity": "sha512-0bV75q/MJq6+/5H33RC+yImqf+ww69mgAqrf4IBaM/UcNDU8ZHTxNk9Q+aHP+h7sh8QssV3P45TeTwRXVg3tbw==",
      "license": "GPL-3.0"
    }
  }
}
